<?xml version="1.0" encoding="utf-8"?>
<Project ToolsVersion="4.0" xmlns="http://schemas.microsoft.com/developer/msbuild/2003">
  <ItemGroup>
    <Filter Include="Common">
      <UniqueIdentifier>{a9ee3554-a501-44fe-a739-5a0272de7343}</UniqueIdentifier>
    </Filter>
    <Filter Include="Client">
      <UniqueIdentifier>{c157d37b-009e-492a-8e93-d3073d9dbd19}</UniqueIdentifier>
    </Filter>
    <Filter Include="Server">
      <UniqueIdentifier>{dcdb90cb-0298-4c7d-b220-bf605c159d6d}</UniqueIdentifier>
    </Filter>
    <Filter Include="Unittests">
      <UniqueIdentifier>{067431e1-965b-4360-9bb9-4a750ce98295}</UniqueIdentifier>
    </Filter>
    <Filter Include="Unittests\CodeUnitTest">
      <UniqueIdentifier>{fb0c5834-0f54-4989-a259-3c91302f063c}</UniqueIdentifier>
    </Filter>
    <Filter Include="Unittests\DataFlowUnitTest">
      <UniqueIdentifier>{32f7d67c-3b4f-4ced-b5d7-9f74702e43d6}</UniqueIdentifier>
    </Filter>
    <Filter Include="Unittests\UnittestFramework">
      <UniqueIdentifier>{ac7db782-6691-474c-9b5b-76760f717538}</UniqueIdentifier>
    </Filter>
    <Filter Include="Engine">
      <UniqueIdentifier>{7d876333-a46e-4a6a-9548-a9bca8b087a4}</UniqueIdentifier>
    </Filter>
  </ItemGroup>
  <ItemGroup>
    <ClCompile Include="Common\BugReport.cpp">
      <Filter>Common</Filter>
    </ClCompile>
    <ClCompile Include="Precompile.cpp" />
    <ClCompile Include="Server\BugReportServer.cpp">
      <Filter>Server</Filter>
    </ClCompile>
    <ClCompile Include="Client\BugReportClient.cpp">
      <Filter>Client</Filter>
    </ClCompile>
    <ClCompile Include="Engine\BugReportEngine.cpp">
      <Filter>Engine</Filter>
    </ClCompile>
  </ItemGroup>
  <ItemGroup>
    <ClInclude Include="Common\BugReport.h">
      <Filter>Common</Filter>
    </ClInclude>
    <ClInclude Include="Precompile.h" />
    <ClInclude Include="Server\BugReportServer.h">
      <Filter>Server</Filter>
    </ClInclude>
    <ClInclude Include="Client\BugReportClient.h">
      <Filter>Client</Filter>
    </ClInclude>
    <ClInclude Include="Unittests\DataFlowUnitTest\BugReportWithEmbeddedFile.hpp">
      <Filter>Unittests\DataFlowUnitTest</Filter>
    </ClInclude>
    <ClInclude Include="Unittests\DataFlowUnitTest\BugReportWithFileOnDisk.hpp">
      <Filter>Unittests\DataFlowUnitTest</Filter>
    </ClInclude>
    <ClInclude Include="Unittests\DataFlowUnitTest\BugReportWithLargeMessage.hpp">
      <Filter>Unittests\DataFlowUnitTest</Filter>
    </ClInclude>
    <ClInclude Include="Unittests\DataFlowUnitTest\DuplicateReportWithNewVersion.hpp">
      <Filter>Unittests\DataFlowUnitTest</Filter>
    </ClInclude>
    <ClInclude Include="Unittests\DataFlowUnitTest\SingleBugReport.hpp">
      <Filter>Unittests\DataFlowUnitTest</Filter>
    </ClInclude>
    <ClInclude Include="Unittests\DataFlowUnitTest\TwoBugReports.hpp">
      <Filter>Unittests\DataFlowUnitTest</Filter>
    </ClInclude>
    <ClInclude Include="Unittests\DataFlowUnitTest\BaseBugReportUnitTest.hpp">
      <Filter>Unittests\DataFlowUnitTest</Filter>
    </ClInclude>
    <ClInclude Include="Unittests\BugReportCodeUnittestRunner.hpp">
      <Filter>Unittests</Filter>
    </ClInclude>
    <ClInclude Include="Unittests\BugReportDataflowUnittestRunner.hpp">
      <Filter>Unittests</Filter>
    </ClInclude>
    <ClInclude Include="Unittests\CodeUnitTest\DeleteSavedBugreportUnitTest.hpp">
      <Filter>Unittests\CodeUnitTest</Filter>
    </ClInclude>
    <ClInclude Include="Common\BugReportNetworkPacketType.h">
      <Filter>Common</Filter>
    </ClInclude>
    <ClInclude Include="Unittests\UnittestFramework\UnittestBugReportServer.hpp">
      <Filter>Unittests\UnittestFramework</Filter>
    </ClInclude>
    <ClInclude Include="Engine\BugReportEngine.h">
      <Filter>Engine</Filter>
    </ClInclude>
  </ItemGroup>
  <ItemGroup>
    <None Include="Makefile" />
  </ItemGroup>
</Project>