<?xml version="1.0" encoding="utf-8"?>
<Project ToolsVersion="4.0" xmlns="http://schemas.microsoft.com/developer/msbuild/2003">
  <ItemGroup>
    <ClCompile Include="PreCompile.cpp" />
    <ClCompile Include="Data\Playfield.cpp">
      <Filter>Data</Filter>
    </ClCompile>
    <ClCompile Include="NetworkPackets\ServerNetworkPackets\ServerSavePlayfieldNetworkPacket.cpp">
      <Filter>NetworkPackets\ServerNetworkPackets</Filter>
    </ClCompile>
    <ClCompile Include="Data\PlayfieldTile.cpp">
      <Filter>Data</Filter>
    </ClCompile>
    <ClCompile Include="NetworkPackets\ServerNetworkPackets\ServerSendPlayfieldListNetworkPacket.cpp">
      <Filter>NetworkPackets\ServerNetworkPackets</Filter>
    </ClCompile>
    <ClCompile Include="NetworkPackets\BaseWorldBuilderNetworkPacket.cpp">
      <Filter>NetworkPackets</Filter>
    </ClCompile>
    <ClCompile Include="NetworkPackets\ClientNetworkPackets\ClientPlayfieldErrorNetworkPacket.cpp">
      <Filter>NetworkPackets\ClientNetworkPackets</Filter>
    </ClCompile>
    <ClCompile Include="NetworkPackets\ClientNetworkPackets\ClientPlayfieldListNetworkPacket.cpp">
      <Filter>NetworkPackets\ClientNetworkPackets</Filter>
    </ClCompile>
    <ClCompile Include="NetworkPackets\ClientNetworkPackets\ClientPlayfieldSavedNetworkPacket.cpp">
      <Filter>NetworkPackets\ClientNetworkPackets</Filter>
    </ClCompile>
    <ClCompile Include="NetworkPackets\ServerNetworkPackets\ServerLoadPlayfieldNetworkPacket.cpp">
      <Filter>NetworkPackets\ServerNetworkPackets</Filter>
    </ClCompile>
    <ClCompile Include="NetworkPackets\ClientNetworkPackets\ClientPlayfieldLoadedNetworkPacket.cpp">
      <Filter>NetworkPackets\ClientNetworkPackets</Filter>
    </ClCompile>
    <ClCompile Include="NetworkPackets\ServerNetworkPackets\ServerDeletePlayfieldNetworkPacket.cpp">
      <Filter>NetworkPackets\ServerNetworkPackets</Filter>
    </ClCompile>
    <ClCompile Include="NetworkPackets\ClientNetworkPackets\ClientPlayfieldDeletedNetworkPacket.cpp">
      <Filter>NetworkPackets\ClientNetworkPackets</Filter>
    </ClCompile>
    <ClCompile Include="WorldBuilderModule\ProjectWorldBuilderServerModule.cpp">
      <Filter>WorldbuilderModule</Filter>
    </ClCompile>
    <ClCompile Include="WorldBuilderModule\ProjectWorldBuilderClientModule.cpp">
      <Filter>WorldbuilderModule</Filter>
    </ClCompile>
    <ClCompile Include="Data\PlayfieldSource.cpp">
      <Filter>Data</Filter>
    </ClCompile>
  </ItemGroup>
  <ItemGroup>
    <ClInclude Include="PreCompile.h" />
    <ClInclude Include="Unittests\WorldBuilderAsyncUnittestRunner.hpp">
      <Filter>Unittests</Filter>
    </ClInclude>
    <ClInclude Include="Data\Playfield.h">
      <Filter>Data</Filter>
    </ClInclude>
    <ClInclude Include="NetworkPackets\ServerNetworkPackets\ServerSavePlayfieldNetworkPacket.h">
      <Filter>NetworkPackets\ServerNetworkPackets</Filter>
    </ClInclude>
    <ClInclude Include="Data\WorldBuilderPacketData.h">
      <Filter>Data</Filter>
    </ClInclude>
    <ClInclude Include="Data\PlayfieldTile.h">
      <Filter>Data</Filter>
    </ClInclude>
    <ClInclude Include="NetworkPackets\ServerNetworkPackets\ServerSendPlayfieldListNetworkPacket.h">
      <Filter>NetworkPackets\ServerNetworkPackets</Filter>
    </ClInclude>
    <ClInclude Include="NetworkPackets\BaseWorldBuilderNetworkPacket.h">
      <Filter>NetworkPackets</Filter>
    </ClInclude>
    <ClInclude Include="NetworkPackets\ClientNetworkPackets\ClientPlayfieldErrorNetworkPacket.h">
      <Filter>NetworkPackets\ClientNetworkPackets</Filter>
    </ClInclude>
    <ClInclude Include="NetworkPackets\ClientNetworkPackets\ClientPlayfieldListNetworkPacket.h">
      <Filter>NetworkPackets\ClientNetworkPackets</Filter>
    </ClInclude>
    <ClInclude Include="NetworkPackets\ClientNetworkPackets\ClientPlayfieldSavedNetworkPacket.h">
      <Filter>NetworkPackets\ClientNetworkPackets</Filter>
    </ClInclude>
    <ClInclude Include="NetworkPackets\ServerNetworkPackets\ServerLoadPlayfieldNetworkPacket.h">
      <Filter>NetworkPackets\ServerNetworkPackets</Filter>
    </ClInclude>
    <ClInclude Include="NetworkPackets\ClientNetworkPackets\ClientPlayfieldLoadedNetworkPacket.h">
      <Filter>NetworkPackets\ClientNetworkPackets</Filter>
    </ClInclude>
    <ClInclude Include="NetworkPackets\ServerNetworkPackets\ServerDeletePlayfieldNetworkPacket.h">
      <Filter>NetworkPackets\ServerNetworkPackets</Filter>
    </ClInclude>
    <ClInclude Include="NetworkPackets\ClientNetworkPackets\ClientPlayfieldDeletedNetworkPacket.h">
      <Filter>NetworkPackets\ClientNetworkPackets</Filter>
    </ClInclude>
    <ClInclude Include="Unittests\AsyncUnittest\DeletePlayfieldUnittest.hpp">
      <Filter>Unittests\AsyncUnittest</Filter>
    </ClInclude>
    <ClInclude Include="WorldBuilderModule\ProjectWorldBuilderServerModule.h">
      <Filter>WorldbuilderModule</Filter>
    </ClInclude>
    <ClInclude Include="WorldBuilderModule\ProjectWorldBuilderClientModule.h">
      <Filter>WorldbuilderModule</Filter>
    </ClInclude>
    <ClInclude Include="Unittests\AsyncUnittest\BasePlayfieldUnittest.hpp">
      <Filter>Unittests\AsyncUnittest</Filter>
    </ClInclude>
    <ClInclude Include="Unittests\UnittestWorldBuilderServerModule.hpp">
      <Filter>Unittests</Filter>
    </ClInclude>
    <ClInclude Include="Unittests\AsyncUnittest\SavePlayfieldUnittest.hpp">
      <Filter>Unittests\AsyncUnittest</Filter>
    </ClInclude>
    <ClInclude Include="Data\PlayfieldSource.h">
      <Filter>Data</Filter>
    </ClInclude>
    <ClInclude Include="Unittests\AsyncUnittest\LoadPlayfieldUnittest.hpp">
      <Filter>Unittests\AsyncUnittest</Filter>
    </ClInclude>
    <ClInclude Include="Unittests\WorldBuilderSyncUnittestRunner.hpp">
      <Filter>Unittests</Filter>
    </ClInclude>
    <ClInclude Include="Unittests\SyncUnittest\VerifyPlayfieldDataUnittest.hpp">
      <Filter>Unittests\SyncUnittest</Filter>
    </ClInclude>
  </ItemGroup>
  <ItemGroup>
    <Filter Include="WorldbuilderModule">
      <UniqueIdentifier>{549c19b2-0ada-4063-8aab-f2396670e8f2}</UniqueIdentifier>
    </Filter>
    <Filter Include="Unittests">
      <UniqueIdentifier>{b79cf07e-48a2-4cf1-a2a6-78396ad57153}</UniqueIdentifier>
    </Filter>
    <Filter Include="NetworkPackets">
      <UniqueIdentifier>{2cdc4176-527d-4158-a7f5-0c851245b9c9}</UniqueIdentifier>
    </Filter>
    <Filter Include="NetworkPackets\ClientNetworkPackets">
      <UniqueIdentifier>{3ae51b52-6547-41ed-8af6-6ccac87ce809}</UniqueIdentifier>
    </Filter>
    <Filter Include="Data">
      <UniqueIdentifier>{889723eb-8e1e-4ecb-8eff-c53435e92edf}</UniqueIdentifier>
    </Filter>
    <Filter Include="NetworkPackets\ServerNetworkPackets">
      <UniqueIdentifier>{37614f0a-a5b6-4522-8148-ecb589ab6b82}</UniqueIdentifier>
    </Filter>
    <Filter Include="Unittests\AsyncUnittest">
      <UniqueIdentifier>{36597513-4b0a-4770-abf6-4f8f60dba175}</UniqueIdentifier>
    </Filter>
    <Filter Include="Unittests\SyncUnittest">
      <UniqueIdentifier>{accbb4ab-304d-4468-b982-2bc0ef4405ef}</UniqueIdentifier>
    </Filter>
  </ItemGroup>
</Project>