<?xml version="1.0" encoding="utf-8"?>
<Project ToolsVersion="4.0" xmlns="http://schemas.microsoft.com/developer/msbuild/2003">
  <ItemGroup>
    <ClCompile Include="Precompile.cpp" />
    <ClCompile Include="Logger\Logger.cpp">
      <Filter>Logger</Filter>
    </ClCompile>
    <ClCompile Include="ConfigReader\ConfigReader.cpp">
      <Filter>ConfigReader</Filter>
    </ClCompile>
    <ClCompile Include="File\IOFile.cpp">
      <Filter>File</Filter>
    </ClCompile>
    <ClCompile Include="UserConfig\UserConfig_Windows.cpp">
      <Filter>UserConfig</Filter>
    </ClCompile>
    <ClCompile Include="UserConfig\UserConfig_Common.cpp">
      <Filter>UserConfig</Filter>
    </ClCompile>
    <ClCompile Include="UserConfig\UserConfig_Android.cpp">
      <Filter>UserConfig</Filter>
    </ClCompile>
    <ClCompile Include="UserConfig\UserConfig_iOS.cpp">
      <Filter>UserConfig</Filter>
    </ClCompile>
    <ClCompile Include="UserConfig\UserConfig_Linux.cpp">
      <Filter>UserConfig</Filter>
    </ClCompile>
  </ItemGroup>
  <ItemGroup>
    <ClInclude Include="Precompile.h" />
    <ClInclude Include="Logger\Logger.h">
      <Filter>Logger</Filter>
    </ClInclude>
    <ClInclude Include="ConfigReader\ConfigReader.h">
      <Filter>ConfigReader</Filter>
    </ClInclude>
    <ClInclude Include="File\IOFile.h">
      <Filter>File</Filter>
    </ClInclude>
    <ClInclude Include="UserConfig\UserConfig.h">
      <Filter>UserConfig</Filter>
    </ClInclude>
    <ClInclude Include="Unittests\CoreIOCodeUnittestRunner.hpp">
      <Filter>Unittests</Filter>
    </ClInclude>
    <ClInclude Include="Unittests\CodeUnitTest\CoreIOLogLargeString.hpp">
      <Filter>Unittests\CodeUnitTest</Filter>
    </ClInclude>
    <ClInclude Include="Unittests\CodeUnitTest\CoreIOUserConfigTest.hpp">
      <Filter>Unittests\CodeUnitTest</Filter>
    </ClInclude>
    <ClInclude Include="Unittests\CodeUnitTest\CoreIOLogManyStrings.hpp">
      <Filter>Unittests\CodeUnitTest</Filter>
    </ClInclude>
  </ItemGroup>
  <ItemGroup>
    <Filter Include="Logger">
      <UniqueIdentifier>{90f9104d-ba14-4d7f-9129-792f6865a917}</UniqueIdentifier>
    </Filter>
    <Filter Include="File">
      <UniqueIdentifier>{61f0f752-1cd8-4c04-a781-108a2b03440c}</UniqueIdentifier>
    </Filter>
    <Filter Include="ConfigReader">
      <UniqueIdentifier>{21d9d4a2-0b1a-4387-8b2b-aac3473bd019}</UniqueIdentifier>
    </Filter>
    <Filter Include="UserConfig">
      <UniqueIdentifier>{2463196c-58eb-4561-9e38-07f3ee5b9941}</UniqueIdentifier>
    </Filter>
    <Filter Include="Unittests">
      <UniqueIdentifier>{aaf82ba9-5a40-4980-bc2c-be2cba3d5a6b}</UniqueIdentifier>
    </Filter>
    <Filter Include="Unittests\CodeUnitTest">
      <UniqueIdentifier>{e002ccc0-4c2f-4118-a356-6a64e53d1cd7}</UniqueIdentifier>
    </Filter>
  </ItemGroup>
</Project>