<?xml version="1.0" encoding="utf-8"?>
<Project ToolsVersion="4.0" xmlns="http://schemas.microsoft.com/developer/msbuild/2003">
  <ItemGroup>
    <Filter Include="RenderObjects">
      <UniqueIdentifier>{777e4f17-f94e-4719-b876-ac69d3e0a884}</UniqueIdentifier>
    </Filter>
    <Filter Include="CoreShaderManager">
      <UniqueIdentifier>{74d3e402-6bd2-42c0-9e2a-95e06544e622}</UniqueIdentifier>
    </Filter>
    <Filter Include="Resources">
      <UniqueIdentifier>{2cb88f3e-bafc-4ec9-837a-70519247301f}</UniqueIdentifier>
      <Extensions>cpp;c;cc;cxx;def;odl;idl;hpj;bat;asm;asmx</Extensions>
    </Filter>
    <Filter Include="Camera">
      <UniqueIdentifier>{811b6d53-306d-4b39-b1b4-60a98a0e95dd}</UniqueIdentifier>
    </Filter>
    <Filter Include="OpenGLRender">
      <UniqueIdentifier>{4FC737F1-C7A5-4376-A066-2A32D752A2FF}</UniqueIdentifier>
      <Extensions>cpp;c;cc;cxx;def;odl;idl;hpj;bat;asm;asmx</Extensions>
    </Filter>
    <Filter Include="CoreTextureManager">
      <UniqueIdentifier>{313c2b35-070e-4666-9908-291c39b00322}</UniqueIdentifier>
    </Filter>
  </ItemGroup>
  <ItemGroup>
    <ClInclude Include="PreCompile.h" />
    <ClInclude Include="RenderObjects\RenderObject.h">
      <Filter>RenderObjects</Filter>
    </ClInclude>
    <ClInclude Include="RenderObjects\CubeRenderObject.h">
      <Filter>RenderObjects</Filter>
    </ClInclude>
    <ClInclude Include="RenderObjects\QuadRenderObject.h">
      <Filter>RenderObjects</Filter>
    </ClInclude>
    <ClInclude Include="CoreShaderManager\CoreShaderManager.h">
      <Filter>CoreShaderManager</Filter>
    </ClInclude>
    <ClInclude Include="Resources\TextureResource.h">
      <Filter>Resources</Filter>
    </ClInclude>
    <ClInclude Include="Resources\AtlasTextureResource.h">
      <Filter>Resources</Filter>
    </ClInclude>
    <ClInclude Include="Resources\FontAtlasTextureResource.h">
      <Filter>Resources</Filter>
    </ClInclude>
    <ClInclude Include="RenderObjects\TextStringRenderObject.h">
      <Filter>RenderObjects</Filter>
    </ClInclude>
    <ClInclude Include="PlatformRenderDefinitions.h" />
    <ClInclude Include="Camera\RenderCamera.h">
      <Filter>Camera</Filter>
    </ClInclude>
    <ClInclude Include="Resources\DDSTextureResource.h">
      <Filter>Resources</Filter>
    </ClInclude>
    <ClInclude Include="RenderObjects\MultiFaceRenderObject.h">
      <Filter>RenderObjects</Filter>
    </ClInclude>
    <ClInclude Include="Bitmap.h" />
    <ClInclude Include="RenderModule.h" />
    <ClInclude Include="OpenGLRender\CoreOpenGLRender.h">
      <Filter>OpenGLRender</Filter>
    </ClInclude>
    <ClInclude Include="Resources\ImageResource.h">
      <Filter>Resources</Filter>
    </ClInclude>
    <ClInclude Include="CoreTextureManager\CoreTextureManager.h">
      <Filter>CoreTextureManager</Filter>
    </ClInclude>
    <ClInclude Include="RenderObjects\RenderListObject.h">
      <Filter>RenderObjects</Filter>
    </ClInclude>
    <ClInclude Include="RenderObjects\HexagonRenderObject.h">
      <Filter>RenderObjects</Filter>
    </ClInclude>
    <ClInclude Include="CoreTextureManager\Texture.h">
      <Filter>CoreTextureManager</Filter>
    </ClInclude>
    <ClInclude Include="CoreTextureManager\FrameBuffer.h">
      <Filter>CoreTextureManager</Filter>
    </ClInclude>
  </ItemGroup>
  <ItemGroup>
    <ClCompile Include="PreCompile.cpp" />
    <ClCompile Include="RenderObjects\RenderObject.cpp">
      <Filter>RenderObjects</Filter>
    </ClCompile>
    <ClCompile Include="RenderObjects\CubeRenderObject.cpp">
      <Filter>RenderObjects</Filter>
    </ClCompile>
    <ClCompile Include="RenderObjects\QuadRenderObject.cpp">
      <Filter>RenderObjects</Filter>
    </ClCompile>
    <ClCompile Include="CoreShaderManager\CoreShaderManager.cpp">
      <Filter>CoreShaderManager</Filter>
    </ClCompile>
    <ClCompile Include="Resources\TextureResource.cpp">
      <Filter>Resources</Filter>
    </ClCompile>
    <ClCompile Include="Resources\ImageResource.cpp">
      <Filter>Resources</Filter>
    </ClCompile>
    <ClCompile Include="Resources\AtlasTextureResource.cpp">
      <Filter>Resources</Filter>
    </ClCompile>
    <ClCompile Include="Resources\FontAtlasTextureResource.cpp">
      <Filter>Resources</Filter>
    </ClCompile>
    <ClCompile Include="RenderObjects\TextStringRenderObject.cpp">
      <Filter>RenderObjects</Filter>
    </ClCompile>
    <ClCompile Include="Camera\RenderCamera.cpp">
      <Filter>Camera</Filter>
    </ClCompile>
    <ClCompile Include="Resources\DDSTextureResource.cpp">
      <Filter>Resources</Filter>
    </ClCompile>
    <ClCompile Include="RenderObjects\MultiFaceRenderObject.cpp">
      <Filter>RenderObjects</Filter>
    </ClCompile>
    <ClCompile Include="OpenGLRender\CoreOpenGLRender_Common.cpp">
      <Filter>OpenGLRender</Filter>
    </ClCompile>
    <ClCompile Include="OpenGLRender\CoreOpenGLRender_Windows.cpp">
      <Filter>OpenGLRender</Filter>
    </ClCompile>
    <ClCompile Include="OpenGLRender\CoreOpenGLRender_Android.cpp">
      <Filter>OpenGLRender</Filter>
    </ClCompile>
    <ClCompile Include="OpenGLRender\CoreOpenGLRender_IOS.cpp">
      <Filter>OpenGLRender</Filter>
    </ClCompile>
    <ClCompile Include="Bitmap.cpp" />
    <ClCompile Include="CoreTextureManager\CoreTextureManager.cpp">
      <Filter>CoreTextureManager</Filter>
    </ClCompile>
    <ClCompile Include="RenderObjects\RenderListObject.cpp">
      <Filter>RenderObjects</Filter>
    </ClCompile>
    <ClCompile Include="RenderObjects\HexagonRenderObject.cpp">
      <Filter>RenderObjects</Filter>
    </ClCompile>
  </ItemGroup>
</Project>