<?xml version="1.0" encoding="utf-8"?>
<Project ToolsVersion="4.0" xmlns="http://schemas.microsoft.com/developer/msbuild/2003">
  <ItemGroup>
    <Filter Include="PerforceScripts">
      <UniqueIdentifier>{b40b478b-93cc-47c3-9fad-e58d2366f57c}</UniqueIdentifier>
    </Filter>
    <Filter Include="Output">
      <UniqueIdentifier>{fc2e8dbb-cd95-4c68-9286-126ae4bd674a}</UniqueIdentifier>
    </Filter>
    <Filter Include="Templates">
      <UniqueIdentifier>{230c4b5d-4bfb-408c-917c-c4ce04390e14}</UniqueIdentifier>
    </Filter>
    <Filter Include="Source">
      <UniqueIdentifier>{45fbb196-2311-4f14-b93a-d2d750960106}</UniqueIdentifier>
    </Filter>
  </ItemGroup>
  <ItemGroup>
    <None Include="PerforceScripts\common.py">
      <Filter>PerforceScripts</Filter>
    </None>
    <None Include="PerforceScripts\convert_p4version_to_version.py">
      <Filter>PerforceScripts</Filter>
    </None>
  </ItemGroup>
  <ItemGroup>
    <ClInclude Include="Templates\version_template.h">
      <Filter>Templates</Filter>
    </ClInclude>
    <ClInclude Include="version.h">
      <Filter>Output</Filter>
    </ClInclude>
    <ClInclude Include="Source\MagicVersion.h">
      <Filter>Source</Filter>
    </ClInclude>
    <ClInclude Include="Source\PreCompile.h">
      <Filter>Source</Filter>
    </ClInclude>
  </ItemGroup>
  <ItemGroup>
    <CustomBuild Include="version.txt">
      <Filter>Output</Filter>
    </CustomBuild>
  </ItemGroup>
  <ItemGroup>
    <Text Include="versiontmp.txt">
      <Filter>Output</Filter>
    </Text>
  </ItemGroup>
  <ItemGroup>
    <ClCompile Include="Source\MagicVersion.cpp">
      <Filter>Source</Filter>
    </ClCompile>
    <ClCompile Include="Source\PreCompile.cpp">
      <Filter>Source</Filter>
    </ClCompile>
  </ItemGroup>
</Project>